
Microsoft Visual Studio Solution File, Format Version 12.00
# Visual Studio 2013
VisualStudioVersion = 12.0.21005.1
MinimumVisualStudioVersion = 10.0.40219.1
Project("{FAE04EC0-301F-11D3-BF4B-00C04F79EFBC}") = "TimeLines", "TimeLines\TimeLines.csproj", "{493210FF-163D-49B6-B538-11955105DC76}"
EndProject
Project("{FAE04EC0-301F-11D3-BF4B-00C04F79EFBC}") = "UnitTests", "UnitTests\UnitTests.csproj", "{6139200C-49DD-491F-B9AC-50F085433A6B}"
EndProject
Project("{2150E333-8FDC-42A3-9474-1A3956D46DE8}") = "Solution Items", "Solution Items", "{6E85EC7F-4217-4168-88E8-2985719BE762}"
	ProjectSection(SolutionItems) = preProject
		ClassDiagram1.png = ClassDiagram1.png
		Image00.png = Image00.png
		Image01.png = Image01.png
		Image02.png = Image02.png
		Image03.png = Image03.png
		Image04.png = Image04.png
		Image05.png = Image05.png
		Image06.png = Image06.png
		Image07.png = Image07.png
		Image08.png = Image08.png
		Image09.png = Image09.png
		Image10.png = Image10.png
		Image11.png = Image11.png
		Image12.png = Image12.png
		Image13.png = Image13.png
		Image14.png = Image14.png
		Статья.docx = Статья.docx
	EndProjectSection
EndProject
Project("{FAE04EC0-301F-11D3-BF4B-00C04F79EFBC}") = "TimeLines.iCalGenerator", "TimeLines.iCalGenerator\TimeLines.iCalGenerator.csproj", "{43540C79-8147-4992-A662-0C668CBD878F}"
EndProject
Project("{FAE04EC0-301F-11D3-BF4B-00C04F79EFBC}") = "ConsoleTests", "ConsoleTests\ConsoleTests.csproj", "{948DC734-03AE-4F19-BFAD-F06C38F59C56}"
EndProject
Project("{FAE04EC0-301F-11D3-BF4B-00C04F79EFBC}") = "TimeLineTool", "TimeLineTool\TimeLineTool.csproj", "{7439A26A-46E1-42A0-9D58-2E38289675F6}"
EndProject
Project("{FAE04EC0-301F-11D3-BF4B-00C04F79EFBC}") = "TimeLineTestApp", "TimeLineTestApp\TimeLineTestApp.csproj", "{F73C087D-704F-408F-9526-C2487D97F632}"
EndProject
Global
	GlobalSection(SolutionConfigurationPlatforms) = preSolution
		Debug|Any CPU = Debug|Any CPU
		Debug|Mixed Platforms = Debug|Mixed Platforms
		Debug|x86 = Debug|x86
		Release|Any CPU = Release|Any CPU
		Release|Mixed Platforms = Release|Mixed Platforms
		Release|x86 = Release|x86
	EndGlobalSection
	GlobalSection(ProjectConfigurationPlatforms) = postSolution
		{493210FF-163D-49B6-B538-11955105DC76}.Debug|Any CPU.ActiveCfg = Debug|Any CPU
		{493210FF-163D-49B6-B538-11955105DC76}.Debug|Any CPU.Build.0 = Debug|Any CPU
		{493210FF-163D-49B6-B538-11955105DC76}.Debug|Mixed Platforms.ActiveCfg = Debug|Any CPU
		{493210FF-163D-49B6-B538-11955105DC76}.Debug|Mixed Platforms.Build.0 = Debug|Any CPU
		{493210FF-163D-49B6-B538-11955105DC76}.Debug|x86.ActiveCfg = Debug|Any CPU
		{493210FF-163D-49B6-B538-11955105DC76}.Release|Any CPU.ActiveCfg = Release|Any CPU
		{493210FF-163D-49B6-B538-11955105DC76}.Release|Any CPU.Build.0 = Release|Any CPU
		{493210FF-163D-49B6-B538-11955105DC76}.Release|Mixed Platforms.ActiveCfg = Release|Any CPU
		{493210FF-163D-49B6-B538-11955105DC76}.Release|Mixed Platforms.Build.0 = Release|Any CPU
		{493210FF-163D-49B6-B538-11955105DC76}.Release|x86.ActiveCfg = Release|Any CPU
		{6139200C-49DD-491F-B9AC-50F085433A6B}.Debug|Any CPU.ActiveCfg = Debug|Any CPU
		{6139200C-49DD-491F-B9AC-50F085433A6B}.Debug|Any CPU.Build.0 = Debug|Any CPU
		{6139200C-49DD-491F-B9AC-50F085433A6B}.Debug|Mixed Platforms.ActiveCfg = Debug|Any CPU
		{6139200C-49DD-491F-B9AC-50F085433A6B}.Debug|Mixed Platforms.Build.0 = Debug|Any CPU
		{6139200C-49DD-491F-B9AC-50F085433A6B}.Debug|x86.ActiveCfg = Debug|Any CPU
		{6139200C-49DD-491F-B9AC-50F085433A6B}.Release|Any CPU.ActiveCfg = Release|Any CPU
		{6139200C-49DD-491F-B9AC-50F085433A6B}.Release|Any CPU.Build.0 = Release|Any CPU
		{6139200C-49DD-491F-B9AC-50F085433A6B}.Release|Mixed Platforms.ActiveCfg = Release|Any CPU
		{6139200C-49DD-491F-B9AC-50F085433A6B}.Release|Mixed Platforms.Build.0 = Release|Any CPU
		{6139200C-49DD-491F-B9AC-50F085433A6B}.Release|x86.ActiveCfg = Release|Any CPU
		{43540C79-8147-4992-A662-0C668CBD878F}.Debug|Any CPU.ActiveCfg = Debug|Any CPU
		{43540C79-8147-4992-A662-0C668CBD878F}.Debug|Any CPU.Build.0 = Debug|Any CPU
		{43540C79-8147-4992-A662-0C668CBD878F}.Debug|Mixed Platforms.ActiveCfg = Debug|Any CPU
		{43540C79-8147-4992-A662-0C668CBD878F}.Debug|Mixed Platforms.Build.0 = Debug|Any CPU
		{43540C79-8147-4992-A662-0C668CBD878F}.Debug|x86.ActiveCfg = Debug|Any CPU
		{43540C79-8147-4992-A662-0C668CBD878F}.Release|Any CPU.ActiveCfg = Release|Any CPU
		{43540C79-8147-4992-A662-0C668CBD878F}.Release|Any CPU.Build.0 = Release|Any CPU
		{43540C79-8147-4992-A662-0C668CBD878F}.Release|Mixed Platforms.ActiveCfg = Release|Any CPU
		{43540C79-8147-4992-A662-0C668CBD878F}.Release|Mixed Platforms.Build.0 = Release|Any CPU
		{43540C79-8147-4992-A662-0C668CBD878F}.Release|x86.ActiveCfg = Release|Any CPU
		{948DC734-03AE-4F19-BFAD-F06C38F59C56}.Debug|Any CPU.ActiveCfg = Debug|Any CPU
		{948DC734-03AE-4F19-BFAD-F06C38F59C56}.Debug|Any CPU.Build.0 = Debug|Any CPU
		{948DC734-03AE-4F19-BFAD-F06C38F59C56}.Debug|Mixed Platforms.ActiveCfg = Debug|Any CPU
		{948DC734-03AE-4F19-BFAD-F06C38F59C56}.Debug|Mixed Platforms.Build.0 = Debug|Any CPU
		{948DC734-03AE-4F19-BFAD-F06C38F59C56}.Debug|x86.ActiveCfg = Debug|Any CPU
		{948DC734-03AE-4F19-BFAD-F06C38F59C56}.Release|Any CPU.ActiveCfg = Release|Any CPU
		{948DC734-03AE-4F19-BFAD-F06C38F59C56}.Release|Any CPU.Build.0 = Release|Any CPU
		{948DC734-03AE-4F19-BFAD-F06C38F59C56}.Release|Mixed Platforms.ActiveCfg = Release|Any CPU
		{948DC734-03AE-4F19-BFAD-F06C38F59C56}.Release|Mixed Platforms.Build.0 = Release|Any CPU
		{948DC734-03AE-4F19-BFAD-F06C38F59C56}.Release|x86.ActiveCfg = Release|Any CPU
		{7439A26A-46E1-42A0-9D58-2E38289675F6}.Debug|Any CPU.ActiveCfg = Debug|Any CPU
		{7439A26A-46E1-42A0-9D58-2E38289675F6}.Debug|Any CPU.Build.0 = Debug|Any CPU
		{7439A26A-46E1-42A0-9D58-2E38289675F6}.Debug|Mixed Platforms.ActiveCfg = Debug|Any CPU
		{7439A26A-46E1-42A0-9D58-2E38289675F6}.Debug|Mixed Platforms.Build.0 = Debug|Any CPU
		{7439A26A-46E1-42A0-9D58-2E38289675F6}.Debug|x86.ActiveCfg = Debug|Any CPU
		{7439A26A-46E1-42A0-9D58-2E38289675F6}.Release|Any CPU.ActiveCfg = Release|Any CPU
		{7439A26A-46E1-42A0-9D58-2E38289675F6}.Release|Any CPU.Build.0 = Release|Any CPU
		{7439A26A-46E1-42A0-9D58-2E38289675F6}.Release|Mixed Platforms.ActiveCfg = Release|Any CPU
		{7439A26A-46E1-42A0-9D58-2E38289675F6}.Release|Mixed Platforms.Build.0 = Release|Any CPU
		{7439A26A-46E1-42A0-9D58-2E38289675F6}.Release|x86.ActiveCfg = Release|Any CPU
		{F73C087D-704F-408F-9526-C2487D97F632}.Debug|Any CPU.ActiveCfg = Debug|x86
		{F73C087D-704F-408F-9526-C2487D97F632}.Debug|Mixed Platforms.ActiveCfg = Debug|x86
		{F73C087D-704F-408F-9526-C2487D97F632}.Debug|Mixed Platforms.Build.0 = Debug|x86
		{F73C087D-704F-408F-9526-C2487D97F632}.Debug|x86.ActiveCfg = Debug|x86
		{F73C087D-704F-408F-9526-C2487D97F632}.Debug|x86.Build.0 = Debug|x86
		{F73C087D-704F-408F-9526-C2487D97F632}.Release|Any CPU.ActiveCfg = Release|x86
		{F73C087D-704F-408F-9526-C2487D97F632}.Release|Mixed Platforms.ActiveCfg = Release|x86
		{F73C087D-704F-408F-9526-C2487D97F632}.Release|Mixed Platforms.Build.0 = Release|x86
		{F73C087D-704F-408F-9526-C2487D97F632}.Release|x86.ActiveCfg = Release|x86
		{F73C087D-704F-408F-9526-C2487D97F632}.Release|x86.Build.0 = Release|x86
	EndGlobalSection
	GlobalSection(SolutionProperties) = preSolution
		HideSolutionNode = FALSE
	EndGlobalSection
	GlobalSection(ExtensibilityGlobals) = postSolution
		VisualSVNWorkingCopyRoot = .
	EndGlobalSection
EndGlobal
